
Microsoft Visual Studio Solution File, Format Version 11.00
# Visual Studio 2010
Project("{FAE04EC0-301F-11D3-BF4B-00C04F79EFBC}") = "VidPub.Web", "VidPub.Web\VidPub.Web.csproj", "{F62BECDA-5EA5-427D-9E37-50C69DEC4AF4}"
EndProject
Project("{FAE04EC0-301F-11D3-BF4B-00C04F79EFBC}") = "VidPub.Tasks", "VidPub.Tasks\VidPub.Tasks.csproj", "{31C8A44C-9E73-4ADE-A81B-B3230D10F882}"
EndProject
Project("{FAE04EC0-301F-11D3-BF4B-00C04F79EFBC}") = "VidPub.Tests", "VidPub.Tests\VidPub.Tests.csproj", "{F9A2676C-623B-4D59-9CC4-E7AF6876D748}"
EndProject
Project("{FAE04EC0-301F-11D3-BF4B-00C04F79EFBC}") = "Vidpub.AcceptanceTests", "Vidpub.AcceptanceTests\Vidpub.AcceptanceTests.csproj", "{6A0FB28B-1B29-4403-9BBD-5F2653269833}"
EndProject
Project("{FAE04EC0-301F-11D3-BF4B-00C04F79EFBC}") = "Vidpub.Admin", "Vidpub.Admin\Vidpub.Admin.csproj", "{3C2DE9EC-49CA-416B-8083-AE922043F0CB}"
EndProject
Project("{FAE04EC0-301F-11D3-BF4B-00C04F79EFBC}") = "Vidpub.UAT", "Vidpub.UAT\Vidpub.UAT.csproj", "{5642BF28-DBA8-491B-B108-DFC95A234C7E}"
EndProject
Global
	GlobalSection(SolutionConfigurationPlatforms) = preSolution
		Debug|Any CPU = Debug|Any CPU
		Debug|Mixed Platforms = Debug|Mixed Platforms
		Debug|x86 = Debug|x86
		Release|Any CPU = Release|Any CPU
		Release|Mixed Platforms = Release|Mixed Platforms
		Release|x86 = Release|x86
	EndGlobalSection
	GlobalSection(ProjectConfigurationPlatforms) = postSolution
		{F62BECDA-5EA5-427D-9E37-50C69DEC4AF4}.Debug|Any CPU.ActiveCfg = Debug|Any CPU
		{F62BECDA-5EA5-427D-9E37-50C69DEC4AF4}.Debug|Any CPU.Build.0 = Debug|Any CPU
		{F62BECDA-5EA5-427D-9E37-50C69DEC4AF4}.Debug|Mixed Platforms.ActiveCfg = Debug|Any CPU
		{F62BECDA-5EA5-427D-9E37-50C69DEC4AF4}.Debug|Mixed Platforms.Build.0 = Debug|Any CPU
		{F62BECDA-5EA5-427D-9E37-50C69DEC4AF4}.Debug|x86.ActiveCfg = Debug|Any CPU
		{F62BECDA-5EA5-427D-9E37-50C69DEC4AF4}.Release|Any CPU.ActiveCfg = Release|Any CPU
		{F62BECDA-5EA5-427D-9E37-50C69DEC4AF4}.Release|Any CPU.Build.0 = Release|Any CPU
		{F62BECDA-5EA5-427D-9E37-50C69DEC4AF4}.Release|Mixed Platforms.ActiveCfg = Release|Any CPU
		{F62BECDA-5EA5-427D-9E37-50C69DEC4AF4}.Release|Mixed Platforms.Build.0 = Release|Any CPU
		{F62BECDA-5EA5-427D-9E37-50C69DEC4AF4}.Release|x86.ActiveCfg = Release|Any CPU
		{31C8A44C-9E73-4ADE-A81B-B3230D10F882}.Debug|Any CPU.ActiveCfg = Debug|x86
		{31C8A44C-9E73-4ADE-A81B-B3230D10F882}.Debug|Mixed Platforms.ActiveCfg = Debug|x86
		{31C8A44C-9E73-4ADE-A81B-B3230D10F882}.Debug|Mixed Platforms.Build.0 = Debug|x86
		{31C8A44C-9E73-4ADE-A81B-B3230D10F882}.Debug|x86.ActiveCfg = Debug|x86
		{31C8A44C-9E73-4ADE-A81B-B3230D10F882}.Debug|x86.Build.0 = Debug|x86
		{31C8A44C-9E73-4ADE-A81B-B3230D10F882}.Release|Any CPU.ActiveCfg = Release|x86
		{31C8A44C-9E73-4ADE-A81B-B3230D10F882}.Release|Mixed Platforms.ActiveCfg = Release|x86
		{31C8A44C-9E73-4ADE-A81B-B3230D10F882}.Release|Mixed Platforms.Build.0 = Release|x86
		{31C8A44C-9E73-4ADE-A81B-B3230D10F882}.Release|x86.ActiveCfg = Release|x86
		{31C8A44C-9E73-4ADE-A81B-B3230D10F882}.Release|x86.Build.0 = Release|x86
		{F9A2676C-623B-4D59-9CC4-E7AF6876D748}.Debug|Any CPU.ActiveCfg = Debug|Any CPU
		{F9A2676C-623B-4D59-9CC4-E7AF6876D748}.Debug|Any CPU.Build.0 = Debug|Any CPU
		{F9A2676C-623B-4D59-9CC4-E7AF6876D748}.Debug|Mixed Platforms.ActiveCfg = Debug|Any CPU
		{F9A2676C-623B-4D59-9CC4-E7AF6876D748}.Debug|Mixed Platforms.Build.0 = Debug|Any CPU
		{F9A2676C-623B-4D59-9CC4-E7AF6876D748}.Debug|x86.ActiveCfg = Debug|Any CPU
		{F9A2676C-623B-4D59-9CC4-E7AF6876D748}.Release|Any CPU.ActiveCfg = Release|Any CPU
		{F9A2676C-623B-4D59-9CC4-E7AF6876D748}.Release|Any CPU.Build.0 = Release|Any CPU
		{F9A2676C-623B-4D59-9CC4-E7AF6876D748}.Release|Mixed Platforms.ActiveCfg = Release|Any CPU
		{F9A2676C-623B-4D59-9CC4-E7AF6876D748}.Release|Mixed Platforms.Build.0 = Release|Any CPU
		{F9A2676C-623B-4D59-9CC4-E7AF6876D748}.Release|x86.ActiveCfg = Release|Any CPU
		{6A0FB28B-1B29-4403-9BBD-5F2653269833}.Debug|Any CPU.ActiveCfg = Debug|x86
		{6A0FB28B-1B29-4403-9BBD-5F2653269833}.Debug|Mixed Platforms.ActiveCfg = Debug|x86
		{6A0FB28B-1B29-4403-9BBD-5F2653269833}.Debug|Mixed Platforms.Build.0 = Debug|x86
		{6A0FB28B-1B29-4403-9BBD-5F2653269833}.Debug|x86.ActiveCfg = Debug|x86
		{6A0FB28B-1B29-4403-9BBD-5F2653269833}.Debug|x86.Build.0 = Debug|x86
		{6A0FB28B-1B29-4403-9BBD-5F2653269833}.Release|Any CPU.ActiveCfg = Release|x86
		{6A0FB28B-1B29-4403-9BBD-5F2653269833}.Release|Mixed Platforms.ActiveCfg = Release|x86
		{6A0FB28B-1B29-4403-9BBD-5F2653269833}.Release|Mixed Platforms.Build.0 = Release|x86
		{6A0FB28B-1B29-4403-9BBD-5F2653269833}.Release|x86.ActiveCfg = Release|x86
		{6A0FB28B-1B29-4403-9BBD-5F2653269833}.Release|x86.Build.0 = Release|x86
		{3C2DE9EC-49CA-416B-8083-AE922043F0CB}.Debug|Any CPU.ActiveCfg = Debug|Any CPU
		{3C2DE9EC-49CA-416B-8083-AE922043F0CB}.Debug|Any CPU.Build.0 = Debug|Any CPU
		{3C2DE9EC-49CA-416B-8083-AE922043F0CB}.Debug|Mixed Platforms.ActiveCfg = Debug|Any CPU
		{3C2DE9EC-49CA-416B-8083-AE922043F0CB}.Debug|Mixed Platforms.Build.0 = Debug|Any CPU
		{3C2DE9EC-49CA-416B-8083-AE922043F0CB}.Debug|x86.ActiveCfg = Debug|Any CPU
		{3C2DE9EC-49CA-416B-8083-AE922043F0CB}.Release|Any CPU.ActiveCfg = Release|Any CPU
		{3C2DE9EC-49CA-416B-8083-AE922043F0CB}.Release|Any CPU.Build.0 = Release|Any CPU
		{3C2DE9EC-49CA-416B-8083-AE922043F0CB}.Release|Mixed Platforms.ActiveCfg = Release|Any CPU
		{3C2DE9EC-49CA-416B-8083-AE922043F0CB}.Release|Mixed Platforms.Build.0 = Release|Any CPU
		{3C2DE9EC-49CA-416B-8083-AE922043F0CB}.Release|x86.ActiveCfg = Release|Any CPU
		{5642BF28-DBA8-491B-B108-DFC95A234C7E}.Debug|Any CPU.ActiveCfg = Debug|x86
		{5642BF28-DBA8-491B-B108-DFC95A234C7E}.Debug|Mixed Platforms.ActiveCfg = Debug|x86
		{5642BF28-DBA8-491B-B108-DFC95A234C7E}.Debug|Mixed Platforms.Build.0 = Debug|x86
		{5642BF28-DBA8-491B-B108-DFC95A234C7E}.Debug|x86.ActiveCfg = Debug|x86
		{5642BF28-DBA8-491B-B108-DFC95A234C7E}.Debug|x86.Build.0 = Debug|x86
		{5642BF28-DBA8-491B-B108-DFC95A234C7E}.Release|Any CPU.ActiveCfg = Release|x86
		{5642BF28-DBA8-491B-B108-DFC95A234C7E}.Release|Mixed Platforms.ActiveCfg = Release|x86
		{5642BF28-DBA8-491B-B108-DFC95A234C7E}.Release|Mixed Platforms.Build.0 = Release|x86
		{5642BF28-DBA8-491B-B108-DFC95A234C7E}.Release|x86.ActiveCfg = Release|x86
		{5642BF28-DBA8-491B-B108-DFC95A234C7E}.Release|x86.Build.0 = Release|x86
	EndGlobalSection
	GlobalSection(SolutionProperties) = preSolution
		HideSolutionNode = FALSE
	EndGlobalSection
EndGlobal
