
Microsoft Visual Studio Solution File, Format Version 11.00
# Visual Studio 2010
Project("{FAE04EC0-301F-11D3-BF4B-00C04F79EFBC}") = "VidPub.Web", "VidPub.Web\VidPub.Web.csproj", "{F62BECDA-5EA5-427D-9E37-50C69DEC4AF4}"
EndProject
Project("{FAE04EC0-301F-11D3-BF4B-00C04F79EFBC}") = "VidPub.Tests", "VidPub.Tests\VidPub.Tests.csproj", "{F9A2676C-623B-4D59-9CC4-E7AF6876D748}"
EndProject
Global
	GlobalSection(SolutionConfigurationPlatforms) = preSolution
		Debug|Any CPU = Debug|Any CPU
		Release|Any CPU = Release|Any CPU
	EndGlobalSection
	GlobalSection(ProjectConfigurationPlatforms) = postSolution
		{F62BECDA-5EA5-427D-9E37-50C69DEC4AF4}.Debug|Any CPU.ActiveCfg = Debug|Any CPU
		{F62BECDA-5EA5-427D-9E37-50C69DEC4AF4}.Debug|Any CPU.Build.0 = Debug|Any CPU
		{F62BECDA-5EA5-427D-9E37-50C69DEC4AF4}.Release|Any CPU.ActiveCfg = Release|Any CPU
		{F62BECDA-5EA5-427D-9E37-50C69DEC4AF4}.Release|Any CPU.Build.0 = Release|Any CPU
		{F9A2676C-623B-4D59-9CC4-E7AF6876D748}.Debug|Any CPU.ActiveCfg = Debug|Any CPU
		{F9A2676C-623B-4D59-9CC4-E7AF6876D748}.Debug|Any CPU.Build.0 = Debug|Any CPU
		{F9A2676C-623B-4D59-9CC4-E7AF6876D748}.Release|Any CPU.ActiveCfg = Release|Any CPU
		{F9A2676C-623B-4D59-9CC4-E7AF6876D748}.Release|Any CPU.Build.0 = Release|Any CPU
	EndGlobalSection
	GlobalSection(SolutionProperties) = preSolution
		HideSolutionNode = FALSE
	EndGlobalSection
EndGlobal
